
Microsoft Visual Studio Solution File, Format Version 12.00
# Visual Studio 15
VisualStudioVersion = 15.0.28307.572
MinimumVisualStudioVersion = 10.0.40219.1
Project("{8BC9CEB8-8B4A-11D0-8D11-00A0C91BC942}") = "Server", "Server\Server.vcxproj", "{5202058E-BB0E-4C57-A4AA-B4B6DD006E60}"
EndProject
Project("{8BC9CEB8-8B4A-11D0-8D11-00A0C91BC942}") = "Client", "Client\Client.vcxproj", "{BEFBC88A-0C61-43A7-9725-70DEE4379815}"
EndProject
Project("{8BC9CEB8-8B4A-11D0-8D11-00A0C91BC942}") = "Common", "Common\Common.vcxproj", "{89140803-829F-4FEA-B8F9-2413F1DE6451}"
EndProject
Project("{8BC9CEB8-8B4A-11D0-8D11-00A0C91BC942}") = "Worker", "Worker\Worker.vcxproj", "{F50D814E-F982-4D1B-B0FA-EC56E93A4D99}"
EndProject
Global
	GlobalSection(SolutionConfigurationPlatforms) = preSolution
		Debug|x64 = Debug|x64
		Debug|x86 = Debug|x86
		Release|x64 = Release|x64
		Release|x86 = Release|x86
	EndGlobalSection
	GlobalSection(ProjectConfigurationPlatforms) = postSolution
		{5202058E-BB0E-4C57-A4AA-B4B6DD006E60}.Debug|x64.ActiveCfg = Debug|x64
		{5202058E-BB0E-4C57-A4AA-B4B6DD006E60}.Debug|x64.Build.0 = Debug|x64
		{5202058E-BB0E-4C57-A4AA-B4B6DD006E60}.Debug|x86.ActiveCfg = Debug|Win32
		{5202058E-BB0E-4C57-A4AA-B4B6DD006E60}.Debug|x86.Build.0 = Debug|Win32
		{5202058E-BB0E-4C57-A4AA-B4B6DD006E60}.Release|x64.ActiveCfg = Release|x64
		{5202058E-BB0E-4C57-A4AA-B4B6DD006E60}.Release|x64.Build.0 = Release|x64
		{5202058E-BB0E-4C57-A4AA-B4B6DD006E60}.Release|x86.ActiveCfg = Release|Win32
		{5202058E-BB0E-4C57-A4AA-B4B6DD006E60}.Release|x86.Build.0 = Release|Win32
		{BEFBC88A-0C61-43A7-9725-70DEE4379815}.Debug|x64.ActiveCfg = Debug|x64
		{BEFBC88A-0C61-43A7-9725-70DEE4379815}.Debug|x64.Build.0 = Debug|x64
		{BEFBC88A-0C61-43A7-9725-70DEE4379815}.Debug|x86.ActiveCfg = Debug|Win32
		{BEFBC88A-0C61-43A7-9725-70DEE4379815}.Debug|x86.Build.0 = Debug|Win32
		{BEFBC88A-0C61-43A7-9725-70DEE4379815}.Release|x64.ActiveCfg = Release|x64
		{BEFBC88A-0C61-43A7-9725-70DEE4379815}.Release|x64.Build.0 = Release|x64
		{BEFBC88A-0C61-43A7-9725-70DEE4379815}.Release|x86.ActiveCfg = Release|Win32
		{BEFBC88A-0C61-43A7-9725-70DEE4379815}.Release|x86.Build.0 = Release|Win32
		{89140803-829F-4FEA-B8F9-2413F1DE6451}.Debug|x64.ActiveCfg = Debug|x64
		{89140803-829F-4FEA-B8F9-2413F1DE6451}.Debug|x64.Build.0 = Debug|x64
		{89140803-829F-4FEA-B8F9-2413F1DE6451}.Debug|x86.ActiveCfg = Debug|Win32
		{89140803-829F-4FEA-B8F9-2413F1DE6451}.Debug|x86.Build.0 = Debug|Win32
		{89140803-829F-4FEA-B8F9-2413F1DE6451}.Release|x64.ActiveCfg = Release|x64
		{89140803-829F-4FEA-B8F9-2413F1DE6451}.Release|x64.Build.0 = Release|x64
		{89140803-829F-4FEA-B8F9-2413F1DE6451}.Release|x86.ActiveCfg = Release|Win32
		{89140803-829F-4FEA-B8F9-2413F1DE6451}.Release|x86.Build.0 = Release|Win32
		{F50D814E-F982-4D1B-B0FA-EC56E93A4D99}.Debug|x64.ActiveCfg = Debug|x64
		{F50D814E-F982-4D1B-B0FA-EC56E93A4D99}.Debug|x64.Build.0 = Debug|x64
		{F50D814E-F982-4D1B-B0FA-EC56E93A4D99}.Debug|x86.ActiveCfg = Debug|Win32
		{F50D814E-F982-4D1B-B0FA-EC56E93A4D99}.Debug|x86.Build.0 = Debug|Win32
		{F50D814E-F982-4D1B-B0FA-EC56E93A4D99}.Release|x64.ActiveCfg = Release|x64
		{F50D814E-F982-4D1B-B0FA-EC56E93A4D99}.Release|x64.Build.0 = Release|x64
		{F50D814E-F982-4D1B-B0FA-EC56E93A4D99}.Release|x86.ActiveCfg = Release|Win32
		{F50D814E-F982-4D1B-B0FA-EC56E93A4D99}.Release|x86.Build.0 = Release|Win32
	EndGlobalSection
	GlobalSection(SolutionProperties) = preSolution
		HideSolutionNode = FALSE
	EndGlobalSection
	GlobalSection(ExtensibilityGlobals) = postSolution
		SolutionGuid = {732DF482-A0BE-49B2-A231-F2754E862A12}
	EndGlobalSection
EndGlobal
